
Microsoft Visual Studio Solution File, Format Version 12.00
# Visual Studio 14
VisualStudioVersion = 14.0.25420.1
MinimumVisualStudioVersion = 10.0.40219.1
Project("{2150E333-8FDC-42A3-9474-1A3956D46DE8}") = "Engine", "Engine", "{5E029826-1979-4CB7-BF25-9600D2FE1BE1}"
EndProject
Project("{2150E333-8FDC-42A3-9474-1A3956D46DE8}") = "Games", "Games", "{4D9D46C0-6266-4531-A42F-752006AD24DF}"
EndProject
Project("{8BC9CEB8-8B4A-11D0-8D11-00A0C91BC942}") = "UE4", "Intermediate\ProjectFiles\UE4.vcxproj", "{EA517CED-3E22-450A-B559-AD6BFA6D51E0}"
EndProject
Project("{8BC9CEB8-8B4A-11D0-8D11-00A0C91BC942}") = "BuildingEscape", "Intermediate\ProjectFiles\BuildingEscape.vcxproj", "{E0474C8E-46C5-4A34-8B9F-A7014F6153D3}"
EndProject
Global
	GlobalSection(SolutionConfigurationPlatforms) = preSolution
		DebugGame Editor|HTML5 = DebugGame Editor|HTML5
		DebugGame Editor|IOS = DebugGame Editor|IOS
		DebugGame Editor|Win32 = DebugGame Editor|Win32
		DebugGame Editor|Win64 = DebugGame Editor|Win64
		DebugGame|HTML5 = DebugGame|HTML5
		DebugGame|IOS = DebugGame|IOS
		DebugGame|Win32 = DebugGame|Win32
		DebugGame|Win64 = DebugGame|Win64
		Development Editor|HTML5 = Development Editor|HTML5
		Development Editor|IOS = Development Editor|IOS
		Development Editor|Win32 = Development Editor|Win32
		Development Editor|Win64 = Development Editor|Win64
		Development|HTML5 = Development|HTML5
		Development|IOS = Development|IOS
		Development|Win32 = Development|Win32
		Development|Win64 = Development|Win64
		Shipping|HTML5 = Shipping|HTML5
		Shipping|IOS = Shipping|IOS
		Shipping|Win32 = Shipping|Win32
		Shipping|Win64 = Shipping|Win64
	EndGlobalSection
	GlobalSection(ProjectConfigurationPlatforms) = postSolution
		{EA517CED-3E22-450A-B559-AD6BFA6D51E0}.DebugGame Editor|HTML5.ActiveCfg = BuiltWithUnrealBuildTool|Win32
		{EA517CED-3E22-450A-B559-AD6BFA6D51E0}.DebugGame Editor|HTML5.Build.0 = BuiltWithUnrealBuildTool|Win32
		{EA517CED-3E22-450A-B559-AD6BFA6D51E0}.DebugGame Editor|IOS.ActiveCfg = BuiltWithUnrealBuildTool|Win32
		{EA517CED-3E22-450A-B559-AD6BFA6D51E0}.DebugGame Editor|IOS.Build.0 = BuiltWithUnrealBuildTool|Win32
		{EA517CED-3E22-450A-B559-AD6BFA6D51E0}.DebugGame Editor|Win32.ActiveCfg = BuiltWithUnrealBuildTool|Win32
		{EA517CED-3E22-450A-B559-AD6BFA6D51E0}.DebugGame Editor|Win32.Build.0 = BuiltWithUnrealBuildTool|Win32
		{EA517CED-3E22-450A-B559-AD6BFA6D51E0}.DebugGame Editor|Win64.ActiveCfg = BuiltWithUnrealBuildTool|Win32
		{EA517CED-3E22-450A-B559-AD6BFA6D51E0}.DebugGame Editor|Win64.Build.0 = BuiltWithUnrealBuildTool|Win32
		{EA517CED-3E22-450A-B559-AD6BFA6D51E0}.DebugGame|HTML5.ActiveCfg = BuiltWithUnrealBuildTool|Win32
		{EA517CED-3E22-450A-B559-AD6BFA6D51E0}.DebugGame|HTML5.Build.0 = BuiltWithUnrealBuildTool|Win32
		{EA517CED-3E22-450A-B559-AD6BFA6D51E0}.DebugGame|IOS.ActiveCfg = BuiltWithUnrealBuildTool|Win32
		{EA517CED-3E22-450A-B559-AD6BFA6D51E0}.DebugGame|IOS.Build.0 = BuiltWithUnrealBuildTool|Win32
		{EA517CED-3E22-450A-B559-AD6BFA6D51E0}.DebugGame|Win32.ActiveCfg = BuiltWithUnrealBuildTool|Win32
		{EA517CED-3E22-450A-B559-AD6BFA6D51E0}.DebugGame|Win32.Build.0 = BuiltWithUnrealBuildTool|Win32
		{EA517CED-3E22-450A-B559-AD6BFA6D51E0}.DebugGame|Win64.ActiveCfg = BuiltWithUnrealBuildTool|Win32
		{EA517CED-3E22-450A-B559-AD6BFA6D51E0}.DebugGame|Win64.Build.0 = BuiltWithUnrealBuildTool|Win32
		{EA517CED-3E22-450A-B559-AD6BFA6D51E0}.Development Editor|HTML5.ActiveCfg = BuiltWithUnrealBuildTool|Win32
		{EA517CED-3E22-450A-B559-AD6BFA6D51E0}.Development Editor|HTML5.Build.0 = BuiltWithUnrealBuildTool|Win32
		{EA517CED-3E22-450A-B559-AD6BFA6D51E0}.Development Editor|IOS.ActiveCfg = BuiltWithUnrealBuildTool|Win32
		{EA517CED-3E22-450A-B559-AD6BFA6D51E0}.Development Editor|IOS.Build.0 = BuiltWithUnrealBuildTool|Win32
		{EA517CED-3E22-450A-B559-AD6BFA6D51E0}.Development Editor|Win32.ActiveCfg = BuiltWithUnrealBuildTool|Win32
		{EA517CED-3E22-450A-B559-AD6BFA6D51E0}.Development Editor|Win32.Build.0 = BuiltWithUnrealBuildTool|Win32
		{EA517CED-3E22-450A-B559-AD6BFA6D51E0}.Development Editor|Win64.ActiveCfg = BuiltWithUnrealBuildTool|Win32
		{EA517CED-3E22-450A-B559-AD6BFA6D51E0}.Development Editor|Win64.Build.0 = BuiltWithUnrealBuildTool|Win32
		{EA517CED-3E22-450A-B559-AD6BFA6D51E0}.Development|HTML5.ActiveCfg = BuiltWithUnrealBuildTool|Win32
		{EA517CED-3E22-450A-B559-AD6BFA6D51E0}.Development|HTML5.Build.0 = BuiltWithUnrealBuildTool|Win32
		{EA517CED-3E22-450A-B559-AD6BFA6D51E0}.Development|IOS.ActiveCfg = BuiltWithUnrealBuildTool|Win32
		{EA517CED-3E22-450A-B559-AD6BFA6D51E0}.Development|IOS.Build.0 = BuiltWithUnrealBuildTool|Win32
		{EA517CED-3E22-450A-B559-AD6BFA6D51E0}.Development|Win32.ActiveCfg = BuiltWithUnrealBuildTool|Win32
		{EA517CED-3E22-450A-B559-AD6BFA6D51E0}.Development|Win32.Build.0 = BuiltWithUnrealBuildTool|Win32
		{EA517CED-3E22-450A-B559-AD6BFA6D51E0}.Development|Win64.ActiveCfg = BuiltWithUnrealBuildTool|Win32
		{EA517CED-3E22-450A-B559-AD6BFA6D51E0}.Development|Win64.Build.0 = BuiltWithUnrealBuildTool|Win32
		{EA517CED-3E22-450A-B559-AD6BFA6D51E0}.Shipping|HTML5.ActiveCfg = BuiltWithUnrealBuildTool|Win32
		{EA517CED-3E22-450A-B559-AD6BFA6D51E0}.Shipping|HTML5.Build.0 = BuiltWithUnrealBuildTool|Win32
		{EA517CED-3E22-450A-B559-AD6BFA6D51E0}.Shipping|IOS.ActiveCfg = BuiltWithUnrealBuildTool|Win32
		{EA517CED-3E22-450A-B559-AD6BFA6D51E0}.Shipping|IOS.Build.0 = BuiltWithUnrealBuildTool|Win32
		{EA517CED-3E22-450A-B559-AD6BFA6D51E0}.Shipping|Win32.ActiveCfg = BuiltWithUnrealBuildTool|Win32
		{EA517CED-3E22-450A-B559-AD6BFA6D51E0}.Shipping|Win32.Build.0 = BuiltWithUnrealBuildTool|Win32
		{EA517CED-3E22-450A-B559-AD6BFA6D51E0}.Shipping|Win64.ActiveCfg = BuiltWithUnrealBuildTool|Win32
		{EA517CED-3E22-450A-B559-AD6BFA6D51E0}.Shipping|Win64.Build.0 = BuiltWithUnrealBuildTool|Win32
		{E0474C8E-46C5-4A34-8B9F-A7014F6153D3}.DebugGame Editor|HTML5.ActiveCfg = HTML5_DebugGame_Editor|Win32
		{E0474C8E-46C5-4A34-8B9F-A7014F6153D3}.DebugGame Editor|IOS.ActiveCfg = IOS_DebugGame_Editor|Win32
		{E0474C8E-46C5-4A34-8B9F-A7014F6153D3}.DebugGame Editor|Win32.ActiveCfg = DebugGame_Editor|Win32
		{E0474C8E-46C5-4A34-8B9F-A7014F6153D3}.DebugGame Editor|Win64.ActiveCfg = DebugGame_Editor|x64
		{E0474C8E-46C5-4A34-8B9F-A7014F6153D3}.DebugGame Editor|Win64.Build.0 = DebugGame_Editor|x64
		{E0474C8E-46C5-4A34-8B9F-A7014F6153D3}.DebugGame|HTML5.ActiveCfg = HTML5_DebugGame_Game|Win32
		{E0474C8E-46C5-4A34-8B9F-A7014F6153D3}.DebugGame|HTML5.Build.0 = HTML5_DebugGame_Game|Win32
		{E0474C8E-46C5-4A34-8B9F-A7014F6153D3}.DebugGame|IOS.ActiveCfg = IOS_DebugGame_Game|Win32
		{E0474C8E-46C5-4A34-8B9F-A7014F6153D3}.DebugGame|IOS.Build.0 = IOS_DebugGame_Game|Win32
		{E0474C8E-46C5-4A34-8B9F-A7014F6153D3}.DebugGame|Win32.ActiveCfg = DebugGame_Game|Win32
		{E0474C8E-46C5-4A34-8B9F-A7014F6153D3}.DebugGame|Win32.Build.0 = DebugGame_Game|Win32
		{E0474C8E-46C5-4A34-8B9F-A7014F6153D3}.DebugGame|Win64.ActiveCfg = DebugGame_Game|x64
		{E0474C8E-46C5-4A34-8B9F-A7014F6153D3}.DebugGame|Win64.Build.0 = DebugGame_Game|x64
		{E0474C8E-46C5-4A34-8B9F-A7014F6153D3}.Development Editor|HTML5.ActiveCfg = HTML5_Development_Editor|Win32
		{E0474C8E-46C5-4A34-8B9F-A7014F6153D3}.Development Editor|IOS.ActiveCfg = IOS_Development_Editor|Win32
		{E0474C8E-46C5-4A34-8B9F-A7014F6153D3}.Development Editor|Win32.ActiveCfg = Development_Editor|Win32
		{E0474C8E-46C5-4A34-8B9F-A7014F6153D3}.Development Editor|Win64.ActiveCfg = Development_Editor|x64
		{E0474C8E-46C5-4A34-8B9F-A7014F6153D3}.Development Editor|Win64.Build.0 = Development_Editor|x64
		{E0474C8E-46C5-4A34-8B9F-A7014F6153D3}.Development|HTML5.ActiveCfg = HTML5_Development_Game|Win32
		{E0474C8E-46C5-4A34-8B9F-A7014F6153D3}.Development|HTML5.Build.0 = HTML5_Development_Game|Win32
		{E0474C8E-46C5-4A34-8B9F-A7014F6153D3}.Development|IOS.ActiveCfg = IOS_Development_Game|Win32
		{E0474C8E-46C5-4A34-8B9F-A7014F6153D3}.Development|IOS.Build.0 = IOS_Development_Game|Win32
		{E0474C8E-46C5-4A34-8B9F-A7014F6153D3}.Development|Win32.ActiveCfg = Development_Game|Win32
		{E0474C8E-46C5-4A34-8B9F-A7014F6153D3}.Development|Win32.Build.0 = Development_Game|Win32
		{E0474C8E-46C5-4A34-8B9F-A7014F6153D3}.Development|Win64.ActiveCfg = Development_Game|x64
		{E0474C8E-46C5-4A34-8B9F-A7014F6153D3}.Development|Win64.Build.0 = Development_Game|x64
		{E0474C8E-46C5-4A34-8B9F-A7014F6153D3}.Shipping|HTML5.ActiveCfg = HTML5_Shipping_Game|Win32
		{E0474C8E-46C5-4A34-8B9F-A7014F6153D3}.Shipping|HTML5.Build.0 = HTML5_Shipping_Game|Win32
		{E0474C8E-46C5-4A34-8B9F-A7014F6153D3}.Shipping|IOS.ActiveCfg = IOS_Shipping_Game|Win32
		{E0474C8E-46C5-4A34-8B9F-A7014F6153D3}.Shipping|IOS.Build.0 = IOS_Shipping_Game|Win32
		{E0474C8E-46C5-4A34-8B9F-A7014F6153D3}.Shipping|Win32.ActiveCfg = Shipping_Game|Win32
		{E0474C8E-46C5-4A34-8B9F-A7014F6153D3}.Shipping|Win32.Build.0 = Shipping_Game|Win32
		{E0474C8E-46C5-4A34-8B9F-A7014F6153D3}.Shipping|Win64.ActiveCfg = Shipping_Game|x64
		{E0474C8E-46C5-4A34-8B9F-A7014F6153D3}.Shipping|Win64.Build.0 = Shipping_Game|x64
	EndGlobalSection
	GlobalSection(SolutionProperties) = preSolution
		HideSolutionNode = FALSE
	EndGlobalSection
	GlobalSection(NestedProjects) = preSolution
		{EA517CED-3E22-450A-B559-AD6BFA6D51E0} = {5E029826-1979-4CB7-BF25-9600D2FE1BE1}
		{E0474C8E-46C5-4A34-8B9F-A7014F6153D3} = {4D9D46C0-6266-4531-A42F-752006AD24DF}
	EndGlobalSection
EndGlobal
